
Microsoft Visual Studio Solution File, Format Version 12.00
# Visual Studio Version 16
VisualStudioVersion = 16.0.31729.503
MinimumVisualStudioVersion = 10.0.40219.1
Project("{FAE04EC0-301F-11D3-BF4B-00C04F79EFBC}") = "STUDENTPORTAL_PROJECT", "STUDENTPORTAL_PROJECT.csproj", "{71E1FEA1-A2A4-4EDE-AC5D-9588D2E8B025}"
EndProject
Global
	GlobalSection(SolutionConfigurationPlatforms) = preSolution
		Debug|Any CPU = Debug|Any CPU
		Release|Any CPU = Release|Any CPU
	EndGlobalSection
	GlobalSection(ProjectConfigurationPlatforms) = postSolution
		{71E1FEA1-A2A4-4EDE-AC5D-9588D2E8B025}.Debug|Any CPU.ActiveCfg = Debug|Any CPU
		{71E1FEA1-A2A4-4EDE-AC5D-9588D2E8B025}.Debug|Any CPU.Build.0 = Debug|Any CPU
		{71E1FEA1-A2A4-4EDE-AC5D-9588D2E8B025}.Release|Any CPU.ActiveCfg = Release|Any CPU
		{71E1FEA1-A2A4-4EDE-AC5D-9588D2E8B025}.Release|Any CPU.Build.0 = Release|Any CPU
	EndGlobalSection
	GlobalSection(SolutionProperties) = preSolution
		HideSolutionNode = FALSE
	EndGlobalSection
	GlobalSection(ExtensibilityGlobals) = postSolution
		SolutionGuid = {120A3DE5-4A15-4B6D-B368-831B76CA2FF3}
	EndGlobalSection
EndGlobal
